{
  "pins" : [
    {
      "identity" : "difference",
      "kind" : "remoteSourceControl",
      "location" : "https://github.com/krzysztofzablocki/Difference.git",
      "state" : {
        "revision" : "f627d00718033c3d7888acd5f4e3524a843db1cf",
        "version" : "1.0.2"
      }
    },
    {
      "identity" : "paltalib-swift-core",
      "kind" : "remoteSourceControl",
      "location" : "https://github.com/simple-life-apps/paltalib-swift-core.git",
      "state" : {
        "revision" : "1f285d53e2bb02d69d701ecbe303a504e1488555",
        "version" : "3.2.3"
      }
    }
  ],
  "version" : 2
}
